
Microsoft Visual Studio Solution File, Format Version 12.00
# Visual Studio Version 17
VisualStudioVersion = 17.7.34202.233
MinimumVisualStudioVersion = 10.0.40219.1
Project("{FAE04EC0-301F-11D3-BF4B-00C04F79EFBC}") = "PLT-ANP-API", "PLT-ANP-API\PLT-ANP-API.csproj", "{FBA81AF6-F4E7-467B-B461-E9C7F0AFE723}"
EndProject
Project("{FAE04EC0-301F-11D3-BF4B-00C04F79EFBC}") = "Repository", "Repository\Repository.csproj", "{BCD3F456-0D01-4ABF-851A-6FECEC86FBFD}"
EndProject
Project("{FAE04EC0-301F-11D3-BF4B-00C04F79EFBC}") = "Contract", "Contract\Contract.csproj", "{203A9881-581E-4576-B4F2-62410FCF6F84}"
EndProject
Project("{FAE04EC0-301F-11D3-BF4B-00C04F79EFBC}") = "Entities", "Entities\Entities.csproj", "{0BFA2F30-808A-48C0-BF84-3533E9D26932}"
EndProject
Project("{FAE04EC0-301F-11D3-BF4B-00C04F79EFBC}") = "LoggerService", "LoggerService\LoggerService.csproj", "{20B2FCCA-021B-4295-92E3-E1C009FF7387}"
EndProject
Project("{FAE04EC0-301F-11D3-BF4B-00C04F79EFBC}") = "Shared", "Shared\Shared.csproj", "{96F80FD2-E48B-4EB6-B004-F2263A6F493B}"
EndProject
Project("{FAE04EC0-301F-11D3-BF4B-00C04F79EFBC}") = "Utilities", "Utilities\Utilities.csproj", "{54A940E4-82D1-4717-A284-C2B59E36C816}"
EndProject
Project("{FAE04EC0-301F-11D3-BF4B-00C04F79EFBC}") = "Service", "Service\Service.csproj", "{E6D96C27-7CEA-4458-9535-45D282A301E5}"
EndProject
Global
	GlobalSection(SolutionConfigurationPlatforms) = preSolution
		Debug|Any CPU = Debug|Any CPU
		Release|Any CPU = Release|Any CPU
	EndGlobalSection
	GlobalSection(ProjectConfigurationPlatforms) = postSolution
		{FBA81AF6-F4E7-467B-B461-E9C7F0AFE723}.Debug|Any CPU.ActiveCfg = Debug|Any CPU
		{FBA81AF6-F4E7-467B-B461-E9C7F0AFE723}.Debug|Any CPU.Build.0 = Debug|Any CPU
		{FBA81AF6-F4E7-467B-B461-E9C7F0AFE723}.Release|Any CPU.ActiveCfg = Release|Any CPU
		{FBA81AF6-F4E7-467B-B461-E9C7F0AFE723}.Release|Any CPU.Build.0 = Release|Any CPU
		{BCD3F456-0D01-4ABF-851A-6FECEC86FBFD}.Debug|Any CPU.ActiveCfg = Debug|Any CPU
		{BCD3F456-0D01-4ABF-851A-6FECEC86FBFD}.Debug|Any CPU.Build.0 = Debug|Any CPU
		{BCD3F456-0D01-4ABF-851A-6FECEC86FBFD}.Release|Any CPU.ActiveCfg = Release|Any CPU
		{BCD3F456-0D01-4ABF-851A-6FECEC86FBFD}.Release|Any CPU.Build.0 = Release|Any CPU
		{203A9881-581E-4576-B4F2-62410FCF6F84}.Debug|Any CPU.ActiveCfg = Debug|Any CPU
		{203A9881-581E-4576-B4F2-62410FCF6F84}.Debug|Any CPU.Build.0 = Debug|Any CPU
		{203A9881-581E-4576-B4F2-62410FCF6F84}.Release|Any CPU.ActiveCfg = Release|Any CPU
		{203A9881-581E-4576-B4F2-62410FCF6F84}.Release|Any CPU.Build.0 = Release|Any CPU
		{0BFA2F30-808A-48C0-BF84-3533E9D26932}.Debug|Any CPU.ActiveCfg = Debug|Any CPU
		{0BFA2F30-808A-48C0-BF84-3533E9D26932}.Debug|Any CPU.Build.0 = Debug|Any CPU
		{0BFA2F30-808A-48C0-BF84-3533E9D26932}.Release|Any CPU.ActiveCfg = Release|Any CPU
		{0BFA2F30-808A-48C0-BF84-3533E9D26932}.Release|Any CPU.Build.0 = Release|Any CPU
		{20B2FCCA-021B-4295-92E3-E1C009FF7387}.Debug|Any CPU.ActiveCfg = Debug|Any CPU
		{20B2FCCA-021B-4295-92E3-E1C009FF7387}.Debug|Any CPU.Build.0 = Debug|Any CPU
		{20B2FCCA-021B-4295-92E3-E1C009FF7387}.Release|Any CPU.ActiveCfg = Release|Any CPU
		{20B2FCCA-021B-4295-92E3-E1C009FF7387}.Release|Any CPU.Build.0 = Release|Any CPU
		{96F80FD2-E48B-4EB6-B004-F2263A6F493B}.Debug|Any CPU.ActiveCfg = Debug|Any CPU
		{96F80FD2-E48B-4EB6-B004-F2263A6F493B}.Debug|Any CPU.Build.0 = Debug|Any CPU
		{96F80FD2-E48B-4EB6-B004-F2263A6F493B}.Release|Any CPU.ActiveCfg = Release|Any CPU
		{96F80FD2-E48B-4EB6-B004-F2263A6F493B}.Release|Any CPU.Build.0 = Release|Any CPU
		{54A940E4-82D1-4717-A284-C2B59E36C816}.Debug|Any CPU.ActiveCfg = Debug|Any CPU
		{54A940E4-82D1-4717-A284-C2B59E36C816}.Debug|Any CPU.Build.0 = Debug|Any CPU
		{54A940E4-82D1-4717-A284-C2B59E36C816}.Release|Any CPU.ActiveCfg = Release|Any CPU
		{54A940E4-82D1-4717-A284-C2B59E36C816}.Release|Any CPU.Build.0 = Release|Any CPU
		{E6D96C27-7CEA-4458-9535-45D282A301E5}.Debug|Any CPU.ActiveCfg = Debug|Any CPU
		{E6D96C27-7CEA-4458-9535-45D282A301E5}.Debug|Any CPU.Build.0 = Debug|Any CPU
		{E6D96C27-7CEA-4458-9535-45D282A301E5}.Release|Any CPU.ActiveCfg = Release|Any CPU
		{E6D96C27-7CEA-4458-9535-45D282A301E5}.Release|Any CPU.Build.0 = Release|Any CPU
	EndGlobalSection
	GlobalSection(SolutionProperties) = preSolution
		HideSolutionNode = FALSE
	EndGlobalSection
	GlobalSection(ExtensibilityGlobals) = postSolution
		SolutionGuid = {9F58A791-35DA-46E0-A478-5B01F768C3CC}
	EndGlobalSection
EndGlobal
